{
  "name": "yew-feather",
  "version": "0.2.1",
  "lockfileVersion": 2,
  "requires": true,
  "packages": {
    "": {
      "name": "yew-feather",
      "version": "0.2.0",
      "license": "MIT",
      "devDependencies": {
        "feather-icons": "^4.28.0"
      }
    },
    "node_modules/classnames": {
      "version": "2.3.1",
      "resolved": "https://registry.npmjs.org/classnames/-/classnames-2.3.1.tgz",
      "integrity": "sha512-OlQdbZ7gLfGarSqxesMesDa5uz7KFbID8Kpq/SxIoNGDqY8lSYs0D+hhtBXhcdB3rcbXArFr7vlHheLk1voeNA==",
      "dev": true
    },
    "node_modules/core-js": {
      "version": "3.20.3",
      "resolved": "https://registry.npmjs.org/core-js/-/core-js-3.20.3.tgz",
      "integrity": "sha512-vVl8j8ph6tRS3B8qir40H7yw7voy17xL0piAjlbBUsH7WIfzoedL/ZOr1OV9FyZQLWXsayOJyV4tnRyXR85/ag==",
      "dev": true,
      "hasInstallScript": true,
      "funding": {
        "type": "opencollective",
        "url": "https://opencollective.com/core-js"
      }
    },
    "node_modules/feather-icons": {
      "version": "4.28.0",
      "resolved": "https://registry.npmjs.org/feather-icons/-/feather-icons-4.28.0.tgz",
      "integrity": "sha512-gRdqKESXRBUZn6Nl0VBq2wPHKRJgZz7yblrrc2lYsS6odkNFDnA4bqvrlEVRUPjE1tFax+0TdbJKZ31ziJuzjg==",
      "dev": true,
      "dependencies": {
        "classnames": "^2.2.5",
        "core-js": "^3.1.3"
      }
    }
  },
  "dependencies": {
    "classnames": {
      "version": "2.3.1",
      "resolved": "https://registry.npmjs.org/classnames/-/classnames-2.3.1.tgz",
      "integrity": "sha512-OlQdbZ7gLfGarSqxesMesDa5uz7KFbID8Kpq/SxIoNGDqY8lSYs0D+hhtBXhcdB3rcbXArFr7vlHheLk1voeNA==",
      "dev": true
    },
    "core-js": {
      "version": "3.20.3",
      "resolved": "https://registry.npmjs.org/core-js/-/core-js-3.20.3.tgz",
      "integrity": "sha512-vVl8j8ph6tRS3B8qir40H7yw7voy17xL0piAjlbBUsH7WIfzoedL/ZOr1OV9FyZQLWXsayOJyV4tnRyXR85/ag==",
      "dev": true
    },
    "feather-icons": {
      "version": "4.28.0",
      "resolved": "https://registry.npmjs.org/feather-icons/-/feather-icons-4.28.0.tgz",
      "integrity": "sha512-gRdqKESXRBUZn6Nl0VBq2wPHKRJgZz7yblrrc2lYsS6odkNFDnA4bqvrlEVRUPjE1tFax+0TdbJKZ31ziJuzjg==",
      "dev": true,
      "requires": {
        "classnames": "^2.2.5",
        "core-js": "^3.1.3"
      }
    }
  }
}