lockfileVersion: 5.4

specifiers:
  feather-icons: ^4.29.0

devDependencies:
  feather-icons: 4.29.0

packages:

  /classnames/2.3.2:
    resolution: {integrity: sha512-CSbhY4cFEJRe6/GQzIk5qXZ4Jeg5pcsP7b5peFSDpffpe1cqjASH/n9UTjBwOp6XpMSTwQ8Za2K5V02ueA7Tmw==}
    dev: true

  /core-js/3.27.1:
    resolution: {integrity: sha512-GutwJLBChfGCpwwhbYoqfv03LAfmiz7e7D/BNxzeMxwQf10GRSzqiOjx7AmtEk+heiD/JWmBuyBPgFtx0Sg1ww==}
    requiresBuild: true
    dev: true

  /feather-icons/4.29.0:
    resolution: {integrity: sha512-Y7VqN9FYb8KdaSF0qD1081HCkm0v4Eq/fpfQYQnubpqi0hXx14k+gF9iqtRys1SIcTEi97xDi/fmsPFZ8xo0GQ==}
    dependencies:
      classnames: 2.3.2
      core-js: 3.27.1
    dev: true
